
Microsoft Visual Studio Solution File, Format Version 12.00
# Visual Studio Version 17
VisualStudioVersion = 17.1.32328.378
MinimumVisualStudioVersion = 10.0.40219.1
Project("{FAE04EC0-301F-11D3-BF4B-00C04F79EFBC}") = "Osu!-BPM-tester", "Osu!-BPM-tester\Osu!-BPM-tester.csproj", "{E483BAB0-9EEF-4725-BB02-E06C7B5E35C3}"
EndProject
Global
	GlobalSection(SolutionConfigurationPlatforms) = preSolution
		Debug|Any CPU = Debug|Any CPU
		Release|Any CPU = Release|Any CPU
	EndGlobalSection
	GlobalSection(ProjectConfigurationPlatforms) = postSolution
		{E483BAB0-9EEF-4725-BB02-E06C7B5E35C3}.Debug|Any CPU.ActiveCfg = Debug|Any CPU
		{E483BAB0-9EEF-4725-BB02-E06C7B5E35C3}.Debug|Any CPU.Build.0 = Debug|Any CPU
		{E483BAB0-9EEF-4725-BB02-E06C7B5E35C3}.Release|Any CPU.ActiveCfg = Release|Any CPU
		{E483BAB0-9EEF-4725-BB02-E06C7B5E35C3}.Release|Any CPU.Build.0 = Release|Any CPU
	EndGlobalSection
	GlobalSection(SolutionProperties) = preSolution
		HideSolutionNode = FALSE
	EndGlobalSection
	GlobalSection(ExtensibilityGlobals) = postSolution
		SolutionGuid = {02038901-A61C-4B3C-B8F2-DF6038862D17}
	EndGlobalSection
EndGlobal
